
Microsoft Visual Studio Solution File, Format Version 12.00
# Visual Studio Version 17
VisualStudioVersion = 17.1.32328.378
MinimumVisualStudioVersion = 10.0.40219.1
Project("{9A19103F-16F7-4668-BE54-9A1E7A4F7556}") = "CSharp_Basics_101", "CSharp_Basics_101\CSharp_Basics_101.csproj", "{FAF3AD6B-7501-4C8E-B695-CE4969D3677F}"
EndProject
Project("{FAE04EC0-301F-11D3-BF4B-00C04F79EFBC}") = "BankyStuffLibrary", "BankyStuffLibrary\BankyStuffLibrary.csproj", "{D83F117C-A946-46FD-89C9-79DFA30AF94E}"
EndProject
Project("{FAE04EC0-301F-11D3-BF4B-00C04F79EFBC}") = "BankingTests", "BankingTests\BankingTests.csproj", "{AFB9F0E0-3BF6-432F-82E8-109442EB2CB0}"
EndProject
Global
	GlobalSection(SolutionConfigurationPlatforms) = preSolution
		Debug|Any CPU = Debug|Any CPU
		Release|Any CPU = Release|Any CPU
	EndGlobalSection
	GlobalSection(ProjectConfigurationPlatforms) = postSolution
		{FAF3AD6B-7501-4C8E-B695-CE4969D3677F}.Debug|Any CPU.ActiveCfg = Debug|Any CPU
		{FAF3AD6B-7501-4C8E-B695-CE4969D3677F}.Debug|Any CPU.Build.0 = Debug|Any CPU
		{FAF3AD6B-7501-4C8E-B695-CE4969D3677F}.Release|Any CPU.ActiveCfg = Release|Any CPU
		{FAF3AD6B-7501-4C8E-B695-CE4969D3677F}.Release|Any CPU.Build.0 = Release|Any CPU
		{D83F117C-A946-46FD-89C9-79DFA30AF94E}.Debug|Any CPU.ActiveCfg = Debug|Any CPU
		{D83F117C-A946-46FD-89C9-79DFA30AF94E}.Debug|Any CPU.Build.0 = Debug|Any CPU
		{D83F117C-A946-46FD-89C9-79DFA30AF94E}.Release|Any CPU.ActiveCfg = Release|Any CPU
		{D83F117C-A946-46FD-89C9-79DFA30AF94E}.Release|Any CPU.Build.0 = Release|Any CPU
		{AFB9F0E0-3BF6-432F-82E8-109442EB2CB0}.Debug|Any CPU.ActiveCfg = Debug|Any CPU
		{AFB9F0E0-3BF6-432F-82E8-109442EB2CB0}.Debug|Any CPU.Build.0 = Debug|Any CPU
		{AFB9F0E0-3BF6-432F-82E8-109442EB2CB0}.Release|Any CPU.ActiveCfg = Release|Any CPU
		{AFB9F0E0-3BF6-432F-82E8-109442EB2CB0}.Release|Any CPU.Build.0 = Release|Any CPU
	EndGlobalSection
	GlobalSection(SolutionProperties) = preSolution
		HideSolutionNode = FALSE
	EndGlobalSection
	GlobalSection(ExtensibilityGlobals) = postSolution
		SolutionGuid = {FEBB0954-AE69-448D-BF6A-D50F7567799C}
	EndGlobalSection
EndGlobal
